
Microsoft Visual Studio Solution File, Format Version 12.00
# Visual Studio 15
VisualStudioVersion = 15.0.26403.3
MinimumVisualStudioVersion = 10.0.40219.1
Project("{FAE04EC0-301F-11D3-BF4B-00C04F79EFBC}") = "SearchAlgorithmLib", "SearchAlgorithmLib\SearchAlgorithmLib.csproj", "{959F8252-BDA9-424B-916D-D15A2C4BCE51}"
EndProject
Project("{FAE04EC0-301F-11D3-BF4B-00C04F79EFBC}") = "TheServer", "TheServer\TheServer.csproj", "{F48DF6CE-6830-4264-8F4C-B66F6FEF6448}"
EndProject
Project("{FAE04EC0-301F-11D3-BF4B-00C04F79EFBC}") = "Part1", "Part1\Part1.csproj", "{00C99F59-D9DB-4FDA-91B5-12AAAB396F90}"
EndProject
Project("{FAE04EC0-301F-11D3-BF4B-00C04F79EFBC}") = "TheClient", "TheClient\TheClient.csproj", "{4A249903-6647-48B2-A9D8-EE97A581AF46}"
EndProject
Project("{FAE04EC0-301F-11D3-BF4B-00C04F79EFBC}") = "MazeGui", "MazeGui\MazeGui.csproj", "{34BB199D-7F4C-40D5-9065-2226DBA01B12}"
EndProject
Project("{FAE04EC0-301F-11D3-BF4B-00C04F79EFBC}") = "ClientDll", "ClientDll\ClientDll.csproj", "{36EBB5AB-8848-4693-AEC1-7869ACD3E1BF}"
EndProject
Global
	GlobalSection(SolutionConfigurationPlatforms) = preSolution
		Debug|Any CPU = Debug|Any CPU
		Release|Any CPU = Release|Any CPU
	EndGlobalSection
	GlobalSection(ProjectConfigurationPlatforms) = postSolution
		{959F8252-BDA9-424B-916D-D15A2C4BCE51}.Debug|Any CPU.ActiveCfg = Debug|Any CPU
		{959F8252-BDA9-424B-916D-D15A2C4BCE51}.Debug|Any CPU.Build.0 = Debug|Any CPU
		{959F8252-BDA9-424B-916D-D15A2C4BCE51}.Release|Any CPU.ActiveCfg = Release|Any CPU
		{959F8252-BDA9-424B-916D-D15A2C4BCE51}.Release|Any CPU.Build.0 = Release|Any CPU
		{F48DF6CE-6830-4264-8F4C-B66F6FEF6448}.Debug|Any CPU.ActiveCfg = Debug|Any CPU
		{F48DF6CE-6830-4264-8F4C-B66F6FEF6448}.Debug|Any CPU.Build.0 = Debug|Any CPU
		{F48DF6CE-6830-4264-8F4C-B66F6FEF6448}.Release|Any CPU.ActiveCfg = Release|Any CPU
		{F48DF6CE-6830-4264-8F4C-B66F6FEF6448}.Release|Any CPU.Build.0 = Release|Any CPU
		{00C99F59-D9DB-4FDA-91B5-12AAAB396F90}.Debug|Any CPU.ActiveCfg = Debug|Any CPU
		{00C99F59-D9DB-4FDA-91B5-12AAAB396F90}.Debug|Any CPU.Build.0 = Debug|Any CPU
		{00C99F59-D9DB-4FDA-91B5-12AAAB396F90}.Release|Any CPU.ActiveCfg = Release|Any CPU
		{00C99F59-D9DB-4FDA-91B5-12AAAB396F90}.Release|Any CPU.Build.0 = Release|Any CPU
		{4A249903-6647-48B2-A9D8-EE97A581AF46}.Debug|Any CPU.ActiveCfg = Debug|Any CPU
		{4A249903-6647-48B2-A9D8-EE97A581AF46}.Debug|Any CPU.Build.0 = Debug|Any CPU
		{4A249903-6647-48B2-A9D8-EE97A581AF46}.Release|Any CPU.ActiveCfg = Release|Any CPU
		{4A249903-6647-48B2-A9D8-EE97A581AF46}.Release|Any CPU.Build.0 = Release|Any CPU
		{34BB199D-7F4C-40D5-9065-2226DBA01B12}.Debug|Any CPU.ActiveCfg = Debug|Any CPU
		{34BB199D-7F4C-40D5-9065-2226DBA01B12}.Debug|Any CPU.Build.0 = Debug|Any CPU
		{34BB199D-7F4C-40D5-9065-2226DBA01B12}.Release|Any CPU.ActiveCfg = Release|Any CPU
		{34BB199D-7F4C-40D5-9065-2226DBA01B12}.Release|Any CPU.Build.0 = Release|Any CPU
		{36EBB5AB-8848-4693-AEC1-7869ACD3E1BF}.Debug|Any CPU.ActiveCfg = Debug|Any CPU
		{36EBB5AB-8848-4693-AEC1-7869ACD3E1BF}.Debug|Any CPU.Build.0 = Debug|Any CPU
		{36EBB5AB-8848-4693-AEC1-7869ACD3E1BF}.Release|Any CPU.ActiveCfg = Release|Any CPU
		{36EBB5AB-8848-4693-AEC1-7869ACD3E1BF}.Release|Any CPU.Build.0 = Release|Any CPU
	EndGlobalSection
	GlobalSection(SolutionProperties) = preSolution
		HideSolutionNode = FALSE
	EndGlobalSection
EndGlobal
